
Microsoft Visual Studio Solution File, Format Version 12.00
# Visual Studio Version 17
VisualStudioVersion = 17.6.33723.286
MinimumVisualStudioVersion = 10.0.40219.1
Project("{F184B08F-C81C-45F6-A57F-5ABD9991F28F}") = "IlangModel", "IlangModel.vbproj", "{93C57C8F-34D4-4452-8A3D-2E144B2FB375}"
EndProject
Global
	GlobalSection(SolutionConfigurationPlatforms) = preSolution
		Debug|Any CPU = Debug|Any CPU
		Release|Any CPU = Release|Any CPU
	EndGlobalSection
	GlobalSection(ProjectConfigurationPlatforms) = postSolution
		{93C57C8F-34D4-4452-8A3D-2E144B2FB375}.Debug|Any CPU.ActiveCfg = Debug|Any CPU
		{93C57C8F-34D4-4452-8A3D-2E144B2FB375}.Debug|Any CPU.Build.0 = Debug|Any CPU
		{93C57C8F-34D4-4452-8A3D-2E144B2FB375}.Release|Any CPU.ActiveCfg = Release|Any CPU
		{93C57C8F-34D4-4452-8A3D-2E144B2FB375}.Release|Any CPU.Build.0 = Release|Any CPU
	EndGlobalSection
	GlobalSection(SolutionProperties) = preSolution
		HideSolutionNode = FALSE
	EndGlobalSection
	GlobalSection(ExtensibilityGlobals) = postSolution
		SolutionGuid = {FDD9386F-E3E7-4A51-B277-3CCF67143E61}
	EndGlobalSection
EndGlobal
